DEPENDENCIES
  env_platform
    path: .
    metadata: true
  platform_apache
    path: ../chef-platform_apache
  platform_base
    path: ../chef-platform_base
  platform_jenkins
    path: ../chef-platform_jenkins
  platform_qemu
    path: ../chef-platform_qemu

GRAPH
  7-zip (1.0.2)
    windows (>= 1.2.2)
  apache2 (3.1.0)
  apt (3.0.0)
  ark (1.0.1)
    build-essential (>= 0.0.0)
    seven_zip (>= 0.0.0)
    windows (>= 0.0.0)
  build-essential (2.4.0)
    7-zip (>= 0.0.0)
  chef_handler (1.3.0)
  dmg (2.3.0)
  env_platform (0.1.1)
    platform_apache (>= 0.0.0)
    platform_jenkins (>= 0.0.0)
    platform_qemu (>= 0.0.0)
  git (4.3.7)
    build-essential (>= 0.0.0)
    dmg (>= 0.0.0)
    windows (>= 0.0.0)
    yum-epel (>= 0.0.0)
  ohai (3.0.1)
  platform_apache (0.1.3)
    apache2 (>= 0.0.0)
  platform_base (0.1.3)
    apt (>= 0.0.0)
    git (>= 0.0.0)
    ohai (>= 0.0.0)
  platform_jenkins (0.1.7)
    ark (>= 0.0.0)
    platform_base (>= 0.0.0)
  platform_qemu (0.1.1)
  seven_zip (2.0.0)
    windows (>= 1.2.2)
  windows (1.39.2)
    chef_handler (>= 0.0.0)
  yum (3.10.0)
  yum-epel (0.6.6)
    yum (~> 3.10.0)
